
Microsoft Visual Studio Solution File, Format Version 12.00
# Visual Studio Version 17
VisualStudioVersion = 17.3.32922.545
MinimumVisualStudioVersion = 10.0.40219.1
Project("{8BC9CEB8-8B4A-11D0-8D11-00A0C91BC942}") = "StructBio", "StructBio\StructBio.vcxproj", "{98DF156A-DB48-444C-AF5D-C9EF7A72D12F}"
EndProject
Global
	GlobalSection(SolutionConfigurationPlatforms) = preSolution
		Debug|x64 = Debug|x64
		Debug|x86 = Debug|x86
		Release|x64 = Release|x64
		Release|x86 = Release|x86
	EndGlobalSection
	GlobalSection(ProjectConfigurationPlatforms) = postSolution
		{98DF156A-DB48-444C-AF5D-C9EF7A72D12F}.Debug|x64.ActiveCfg = Debug|x64
		{98DF156A-DB48-444C-AF5D-C9EF7A72D12F}.Debug|x64.Build.0 = Debug|x64
		{98DF156A-DB48-444C-AF5D-C9EF7A72D12F}.Debug|x86.ActiveCfg = Debug|Win32
		{98DF156A-DB48-444C-AF5D-C9EF7A72D12F}.Debug|x86.Build.0 = Debug|Win32
		{98DF156A-DB48-444C-AF5D-C9EF7A72D12F}.Release|x64.ActiveCfg = Release|x64
		{98DF156A-DB48-444C-AF5D-C9EF7A72D12F}.Release|x64.Build.0 = Release|x64
		{98DF156A-DB48-444C-AF5D-C9EF7A72D12F}.Release|x86.ActiveCfg = Release|Win32
		{98DF156A-DB48-444C-AF5D-C9EF7A72D12F}.Release|x86.Build.0 = Release|Win32
	EndGlobalSection
	GlobalSection(SolutionProperties) = preSolution
		HideSolutionNode = FALSE
	EndGlobalSection
	GlobalSection(ExtensibilityGlobals) = postSolution
		SolutionGuid = {3B143387-4C31-4BE0-A3E2-EEAF80A0353C}
	EndGlobalSection
EndGlobal
